// !$*UTF8*$!
{
	archiveVersion = 1;
	classes = {
	};
	objectVersion = 77;
	objects = {

/* Begin PBXBuildFile section */
		B1000000000000000000000E /* MedikamenteWatch.app in Embed Watch Content */ = {isa = PBXBuildFile; fileRef = B10000000000000000000001 /* MedikamenteWatch.app */; settings = {ATTRIBUTES = (RemoveHeadersOnCopy, ); }; };
/* End PBXBuildFile section */

/* Begin PBXContainerItemProxy section */
		B1000000000000000000000C /* PBXContainerItemProxy */ = {
			isa = PBXContainerItemProxy;
			containerPortal = A0C54218302FC081002D89A1 /* Project object */;
			proxyType = 1;
			remoteGlobalIDString = B10000000000000000000003;
			remoteInfo = MedikamenteWatch;
		};
		A0C54230302FC082002D89A1 /* PBXContainerItemProxy */ = {
			isa = PBXContainerItemProxy;
			containerPortal = A0C54218302FC081002D89A1 /* Project object */;
			proxyType = 1;
			remoteGlobalIDString = A0C5421F302FC081002D89A1;
			remoteInfo = medikamente;
		};
		A0C5423A302FC082002D89A1 /* PBXContainerItemProxy */ = {
			isa = PBXContainerItemProxy;
			containerPortal = A0C54218302FC081002D89A1 /* Project object */;
			proxyType = 1;
			remoteGlobalIDString = A0C5421F302FC081002D89A1;
			remoteInfo = medikamente;
		};
/* End PBXContainerItemProxy section */

/* Begin PBXCopyFilesBuildPhase section */
		B1000000000000000000000D /* Embed Watch Content */ = {
			isa = PBXCopyFilesBuildPhase;
			buildActionMask = 2147483647;
			dstPath = "$(CONTENTS_FOLDER_PATH)/Watch";
			dstSubfolderSpec = 16;
			files = (
				B1000000000000000000000E /* MedikamenteWatch.app in Embed Watch Content */,
			);
			name = "Embed Watch Content";
			runOnlyForDeploymentPostprocessing = 0;
		};
/* End PBXCopyFilesBuildPhase section */

/* Begin PBXFileReference section */
		B10000000000000000000001 /* MedikamenteWatch.app */ = {isa = PBXFileReference; explicitFileType = wrapper.application; includeInIndex = 0; path = MedikamenteWatch.app; sourceTree = BUILT_PRODUCTS_DIR; };
		A0C54220302FC081002D89A1 /* medikamente.app */ = {isa = PBXFileReference; explicitFileType = wrapper.application; includeInIndex = 0; path = medikamente.app; sourceTree = BUILT_PRODUCTS_DIR; };
		A0C5422F302FC082002D89A1 /* medikamenteTests.xctest */ = {isa = PBXFileReference; explicitFileType = wrapper.cfbundle; includeInIndex = 0; path = medikamenteTests.xctest; sourceTree = BUILT_PRODUCTS_DIR; };
		A0C54239302FC082002D89A1 /* medikamenteUITests.xctest */ = {isa = PBXFileReference; explicitFileType = wrapper.cfbundle; includeInIndex = 0; path = medikamenteUITests.xctest; sourceTree = BUILT_PRODUCTS_DIR; };
/* End PBXFileReference section */

/* Begin PBXFileSystemSynchronizedBuildFileExceptionSet section */
		B10000000000000000000002 /* Exceptions for "MedikamenteWatch" folder in "MedikamenteWatch" target */ = {
			isa = PBXFileSystemSynchronizedBuildFileExceptionSet;
			membershipExceptions = (
				Info.plist,
			);
			target = B10000000000000000000003 /* MedikamenteWatch */;
		};
/* End PBXFileSystemSynchronizedBuildFileExceptionSet section */

/* Begin PBXFileSystemSynchronizedRootGroup section */
		B10000000000000000000004 /* MedikamenteWatch */ = {
			isa = PBXFileSystemSynchronizedRootGroup;
			exceptions = (
				B10000000000000000000002 /* Exceptions for "MedikamenteWatch" folder in "MedikamenteWatch" target */,
			);
			path = MedikamenteWatch;
			sourceTree = "<group>";
		};
		A0C54222302FC081002D89A1 /* medikamente */ = {
			isa = PBXFileSystemSynchronizedRootGroup;
			path = medikamente;
			sourceTree = "<group>";
		};
		A0C54232302FC082002D89A1 /* medikamenteTests */ = {
			isa = PBXFileSystemSynchronizedRootGroup;
			path = medikamenteTests;
			sourceTree = "<group>";
		};
		A0C5423C302FC082002D89A1 /* medikamenteUITests */ = {
			isa = PBXFileSystemSynchronizedRootGroup;
			path = medikamenteUITests;
			sourceTree = "<group>";
		};
/* End PBXFileSystemSynchronizedRootGroup section */

/* Begin PBXFrameworksBuildPhase section */
		B10000000000000000000006 /* Frameworks */ = {
			isa = PBXFrameworksBuildPhase;
			buildActionMask = 2147483647;
			files = (
			);
			runOnlyForDeploymentPostprocessing = 0;
		};
		A0C5421D302FC081002D89A1 /* Frameworks */ = {
			isa = PBXFrameworksBuildPhase;
			buildActionMask = 2147483647;
			files = (
			);
			runOnlyForDeploymentPostprocessing = 0;
		};
		A0C5422C302FC082002D89A1 /* Frameworks */ = {
			isa = PBXFrameworksBuildPhase;
			buildActionMask = 2147483647;
			files = (
			);
			runOnlyForDeploymentPostprocessing = 0;
		};
		A0C54236302FC082002D89A1 /* Frameworks */ = {
			isa = PBXFrameworksBuildPhase;
			buildActionMask = 2147483647;
			files = (
			);
			runOnlyForDeploymentPostprocessing = 0;
		};
/* End PBXFrameworksBuildPhase section */

/* Begin PBXGroup section */
		A0C54217302FC081002D89A1 = {
			isa = PBXGroup;
			children = (
				A0C54222302FC081002D89A1 /* medikamente */,
				B10000000000000000000004 /* MedikamenteWatch */,
				A0C54232302FC082002D89A1 /* medikamenteTests */,
				A0C5423C302FC082002D89A1 /* medikamenteUITests */,
				A0C54221302FC081002D89A1 /* Products */,
			);
			sourceTree = "<group>";
		};
		A0C54221302FC081002D89A1 /* Products */ = {
			isa = PBXGroup;
			children = (
				A0C54220302FC081002D89A1 /* medikamente.app */,
				B10000000000000000000001 /* MedikamenteWatch.app */,
				A0C5422F302FC082002D89A1 /* medikamenteTests.xctest */,
				A0C54239302FC082002D89A1 /* medikamenteUITests.xctest */,
			);
			name = Products;
			sourceTree = "<group>";
		};
/* End PBXGroup section */

/* Begin PBXNativeTarget section */
		B10000000000000000000003 /* MedikamenteWatch */ = {
			isa = PBXNativeTarget;
			buildConfigurationList = B1000000000000000000000A /* Build configuration list for PBXNativeTarget "MedikamenteWatch" */;
			buildPhases = (
				B10000000000000000000005 /* Sources */,
				B10000000000000000000006 /* Frameworks */,
				B10000000000000000000007 /* Resources */,
			);
			buildRules = (
			);
			dependencies = (
			);
			fileSystemSynchronizedGroups = (
				B10000000000000000000004 /* MedikamenteWatch */,
			);
			name = MedikamenteWatch;
			packageProductDependencies = (
			);
			productName = MedikamenteWatch;
			productReference = B10000000000000000000001 /* MedikamenteWatch.app */;
			productType = "com.apple.product-type.application";
		};
		A0C5421F302FC081002D89A1 /* medikamente */ = {
			isa = PBXNativeTarget;
			buildConfigurationList = A0C54243302FC082002D89A1 /* Build configuration list for PBXNativeTarget "medikamente" */;
			buildPhases = (
				A0C5421C302FC081002D89A1 /* Sources */,
				A0C5421D302FC081002D89A1 /* Frameworks */,
				A0C5421E302FC081002D89A1 /* Resources */,
				B1000000000000000000000D /* Embed Watch Content */,
			);
			buildRules = (
			);
			dependencies = (
				B1000000000000000000000B /* PBXTargetDependency */,
			);
			fileSystemSynchronizedGroups = (
				A0C54222302FC081002D89A1 /* medikamente */,
			);
			name = medikamente;
			packageProductDependencies = (
			);
			productName = medikamente;
			productReference = A0C54220302FC081002D89A1 /* medikamente.app */;
			productType = "com.apple.product-type.application";
		};
		A0C5422E302FC082002D89A1 /* medikamenteTests */ = {
			isa = PBXNativeTarget;
			buildConfigurationList = A0C54246302FC082002D89A1 /* Build configuration list for PBXNativeTarget "medikamenteTests" */;
			buildPhases = (
				A0C5422B302FC082002D89A1 /* Sources */,
				A0C5422C302FC082002D89A1 /* Frameworks */,
				A0C5422D302FC082002D89A1 /* Resources */,
			);
			buildRules = (
			);
			dependencies = (
				A0C54231302FC082002D89A1 /* PBXTargetDependency */,
			);
			fileSystemSynchronizedGroups = (
				A0C54232302FC082002D89A1 /* medikamenteTests */,
			);
			name = medikamenteTests;
			packageProductDependencies = (
			);
			productName = medikamenteTests;
			productReference = A0C5422F302FC082002D89A1 /* medikamenteTests.xctest */;
			productType = "com.apple.product-type.bundle.unit-test";
		};
		A0C54238302FC082002D89A1 /* medikamenteUITests */ = {
			isa = PBXNativeTarget;
			buildConfigurationList = A0C54249302FC082002D89A1 /* Build configuration list for PBXNativeTarget "medikamenteUITests" */;
			buildPhases = (
				A0C54235302FC082002D89A1 /* Sources */,
				A0C54236302FC082002D89A1 /* Frameworks */,
				A0C54237302FC082002D89A1 /* Resources */,
			);
			buildRules = (
			);
			dependencies = (
				A0C5423B302FC082002D89A1 /* PBXTargetDependency */,
			);
			fileSystemSynchronizedGroups = (
				A0C5423C302FC082002D89A1 /* medikamenteUITests */,
			);
			name = medikamenteUITests;
			packageProductDependencies = (
			);
			productName = medikamenteUITests;
			productReference = A0C54239302FC082002D89A1 /* medikamenteUITests.xctest */;
			productType = "com.apple.product-type.bundle.ui-testing";
		};
/* End PBXNativeTarget section */

/* Begin PBXProject section */
		A0C54218302FC081002D89A1 /* Project object */ = {
			isa = PBXProject;
			attributes = {
				BuildIndependentTargetsInParallel = 1;
				LastSwiftUpdateCheck = 2660;
				LastUpgradeCheck = 2660;
				TargetAttributes = {
					A0C5421F302FC081002D89A1 = {
						CreatedOnToolsVersion = 26.6;
					};
					A0C5422E302FC082002D89A1 = {
						CreatedOnToolsVersion = 26.6;
						TestTargetID = A0C5421F302FC081002D89A1;
					};
					A0C54238302FC082002D89A1 = {
						CreatedOnToolsVersion = 26.6;
						TestTargetID = A0C5421F302FC081002D89A1;
					};
				};
			};
			buildConfigurationList = A0C5421B302FC081002D89A1 /* Build configuration list for PBXProject "medikamente" */;
			developmentRegion = en;
			hasScannedForEncodings = 0;
			knownRegions = (
				en,
				Base,
			);
			mainGroup = A0C54217302FC081002D89A1;
			minimizedProjectReferenceProxies = 1;
			preferredProjectObjectVersion = 77;
			productRefGroup = A0C54221302FC081002D89A1 /* Products */;
			projectDirPath = "";
			projectRoot = "";
			targets = (
				A0C5421F302FC081002D89A1 /* medikamente */,
				B10000000000000000000003 /* MedikamenteWatch */,
				A0C5422E302FC082002D89A1 /* medikamenteTests */,
				A0C54238302FC082002D89A1 /* medikamenteUITests */,
			);
		};
/* End PBXProject section */

/* Begin PBXResourcesBuildPhase section */
		B10000000000000000000007 /* Resources */ = {
			isa = PBXResourcesBuildPhase;
			buildActionMask = 2147483647;
			files = (
			);
			runOnlyForDeploymentPostprocessing = 0;
		};
		A0C5421E302FC081002D89A1 /* Resources */ = {
			isa = PBXResourcesBuildPhase;
			buildActionMask = 2147483647;
			files = (
			);
			runOnlyForDeploymentPostprocessing = 0;
		};
		A0C5422D302FC082002D89A1 /* Resources */ = {
			isa = PBXResourcesBuildPhase;
			buildActionMask = 2147483647;
			files = (
			);
			runOnlyForDeploymentPostprocessing = 0;
		};
		A0C54237302FC082002D89A1 /* Resources */ = {
			isa = PBXResourcesBuildPhase;
			buildActionMask = 2147483647;
			files = (
			);
			runOnlyForDeploymentPostprocessing = 0;
		};
/* End PBXResourcesBuildPhase section */

/* Begin PBXSourcesBuildPhase section */
		B10000000000000000000005 /* Sources */ = {
			isa = PBXSourcesBuildPhase;
			buildActionMask = 2147483647;
			files = (
			);
			runOnlyForDeploymentPostprocessing = 0;
		};
		A0C5421C302FC081002D89A1 /* Sources */ = {
			isa = PBXSourcesBuildPhase;
			buildActionMask = 2147483647;
			files = (
			);
			runOnlyForDeploymentPostprocessing = 0;
		};
		A0C5422B302FC082002D89A1 /* Sources */ = {
			isa = PBXSourcesBuildPhase;
			buildActionMask = 2147483647;
			files = (
			);
			runOnlyForDeploymentPostprocessing = 0;
		};
		A0C54235302FC082002D89A1 /* Sources */ = {
			isa = PBXSourcesBuildPhase;
			buildActionMask = 2147483647;
			files = (
			);
			runOnlyForDeploymentPostprocessing = 0;
		};
/* End PBXSourcesBuildPhase section */

/* Begin PBXTargetDependency section */
		B1000000000000000000000B /* PBXTargetDependency */ = {
			isa = PBXTargetDependency;
			target = B10000000000000000000003 /* MedikamenteWatch */;
			targetProxy = B1000000000000000000000C /* PBXContainerItemProxy */;
		};
		A0C54231302FC082002D89A1 /* PBXTargetDependency */ = {
			isa = PBXTargetDependency;
			target = A0C5421F302FC081002D89A1 /* medikamente */;
			targetProxy = A0C54230302FC082002D89A1 /* PBXContainerItemProxy */;
		};
		A0C5423B302FC082002D89A1 /* PBXTargetDependency */ = {
			isa = PBXTargetDependency;
			target = A0C5421F302FC081002D89A1 /* medikamente */;
			targetProxy = A0C5423A302FC082002D89A1 /* PBXContainerItemProxy */;
		};
/* End PBXTargetDependency section */

/* Begin XCBuildConfiguration section */
		A0C54241302FC082002D89A1 /* Debug */ = {
			isa = XCBuildConfiguration;
			buildSettings = {
				ALWAYS_SEARCH_USER_PATHS = NO;
				ASSETCATALOG_COMPILER_GENERATE_SWIFT_ASSET_SYMBOL_EXTENSIONS = YES;
				CLANG_ANALYZER_NONNULL = YES;
				CLANG_ANALYZER_NUMBER_OBJECT_CONVERSION = YES_AGGRESSIVE;
				CLANG_CXX_LANGUAGE_STANDARD = "gnu++20";
				CLANG_ENABLE_MODULES = YES;
				CLANG_ENABLE_OBJC_ARC = YES;
				CLANG_ENABLE_OBJC_WEAK = YES;
				CLANG_WARN_BLOCK_CAPTURE_AUTORELEASING = YES;
				CLANG_WARN_BOOL_CONVERSION = YES;
				CLANG_WARN_COMMA = YES;
				CLANG_WARN_CONSTANT_CONVERSION = YES;
				CLANG_WARN_DEPRECATED_OBJC_IMPLEMENTATIONS = YES;
				CLANG_WARN_DIRECT_OBJC_ISA_USAGE = YES_ERROR;
				CLANG_WARN_DOCUMENTATION_COMMENTS = YES;
				CLANG_WARN_EMPTY_BODY = YES;
				CLANG_WARN_ENUM_CONVERSION = YES;
				CLANG_WARN_INFINITE_RECURSION = YES;
				CLANG_WARN_INT_CONVERSION = YES;
				CLANG_WARN_NON_LITERAL_NULL_CONVERSION = YES;
				CLANG_WARN_OBJC_IMPLICIT_RETAIN_SELF = YES;
				CLANG_WARN_OBJC_LITERAL_CONVERSION = YES;
				CLANG_WARN_OBJC_ROOT_CLASS = YES_ERROR;
				CLANG_WARN_QUOTED_INCLUDE_IN_FRAMEWORK_HEADER = YES;
				CLANG_WARN_RANGE_LOOP_ANALYSIS = YES;
				CLANG_WARN_STRICT_PROTOTYPES = YES;
				CLANG_WARN_SUSPICIOUS_MOVE = YES;
				CLANG_WARN_UNGUARDED_AVAILABILITY = YES_AGGRESSIVE;
				CLANG_WARN_UNREACHABLE_CODE = YES;
				CLANG_WARN__DUPLICATE_METHOD_MATCH = YES;
				COPY_PHASE_STRIP = NO;
				DEBUG_INFORMATION_FORMAT = dwarf;
				DEVELOPMENT_TEAM = 2HNRMGYGMU;
				ENABLE_STRICT_OBJC_MSGSEND = YES;
				ENABLE_TESTABILITY = YES;
				ENABLE_USER_SCRIPT_SANDBOXING = YES;
				GCC_C_LANGUAGE_STANDARD = gnu17;
				GCC_DYNAMIC_NO_PIC = NO;
				GCC_NO_COMMON_BLOCKS = YES;
				GCC_OPTIMIZATION_LEVEL = 0;
				GCC_PREPROCESSOR_DEFINITIONS = (
					"DEBUG=1",
					"$(inherited)",
				);
				GCC_WARN_64_TO_32_BIT_CONVERSION = YES;
				GCC_WARN_ABOUT_RETURN_TYPE = YES_ERROR;
				GCC_WARN_UNDECLARED_SELECTOR = YES;
				GCC_WARN_UNINITIALIZED_AUTOS = YES_AGGRESSIVE;
				GCC_WARN_UNUSED_FUNCTION = YES;
				GCC_WARN_UNUSED_VARIABLE = YES;
				LOCALIZATION_PREFERS_STRING_CATALOGS = YES;
				MTL_ENABLE_DEBUG_INFO = INCLUDE_SOURCE;
				MTL_FAST_MATH = YES;
				ONLY_ACTIVE_ARCH = YES;
				SWIFT_ACTIVE_COMPILATION_CONDITIONS = "DEBUG $(inherited)";
				SWIFT_OPTIMIZATION_LEVEL = "-Onone";
			};
			name = Debug;
		};
		A0C54242302FC082002D89A1 /* Release */ = {
			isa = XCBuildConfiguration;
			buildSettings = {
				ALWAYS_SEARCH_USER_PATHS = NO;
				ASSETCATALOG_COMPILER_GENERATE_SWIFT_ASSET_SYMBOL_EXTENSIONS = YES;
				CLANG_ANALYZER_NONNULL = YES;
				CLANG_ANALYZER_NUMBER_OBJECT_CONVERSION = YES_AGGRESSIVE;
				CLANG_CXX_LANGUAGE_STANDARD = "gnu++20";
				CLANG_ENABLE_MODULES = YES;
				CLANG_ENABLE_OBJC_ARC = YES;
				CLANG_ENABLE_OBJC_WEAK = YES;
				CLANG_WARN_BLOCK_CAPTURE_AUTORELEASING = YES;
				CLANG_WARN_BOOL_CONVERSION = YES;
				CLANG_WARN_COMMA = YES;
				CLANG_WARN_CONSTANT_CONVERSION = YES;
				CLANG_WARN_DEPRECATED_OBJC_IMPLEMENTATIONS = YES;
				CLANG_WARN_DIRECT_OBJC_ISA_USAGE = YES_ERROR;
				CLANG_WARN_DOCUMENTATION_COMMENTS = YES;
				CLANG_WARN_EMPTY_BODY = YES;
				CLANG_WARN_ENUM_CONVERSION = YES;
				CLANG_WARN_INFINITE_RECURSION = YES;
				CLANG_WARN_INT_CONVERSION = YES;
				CLANG_WARN_NON_LITERAL_NULL_CONVERSION = YES;
				CLANG_WARN_OBJC_IMPLICIT_RETAIN_SELF = YES;
				CLANG_WARN_OBJC_LITERAL_CONVERSION = YES;
				CLANG_WARN_OBJC_ROOT_CLASS = YES_ERROR;
				CLANG_WARN_QUOTED_INCLUDE_IN_FRAMEWORK_HEADER = YES;
				CLANG_WARN_RANGE_LOOP_ANALYSIS = YES;
				CLANG_WARN_STRICT_PROTOTYPES = YES;
				CLANG_WARN_SUSPICIOUS_MOVE = YES;
				CLANG_WARN_UNGUARDED_AVAILABILITY = YES_AGGRESSIVE;
				CLANG_WARN_UNREACHABLE_CODE = YES;
				CLANG_WARN__DUPLICATE_METHOD_MATCH = YES;
				COPY_PHASE_STRIP = NO;
				DEBUG_INFORMATION_FORMAT = "dwarf-with-dsym";
				DEVELOPMENT_TEAM = 2HNRMGYGMU;
				ENABLE_NS_ASSERTIONS = NO;
				ENABLE_STRICT_OBJC_MSGSEND = YES;
				ENABLE_USER_SCRIPT_SANDBOXING = YES;
				GCC_C_LANGUAGE_STANDARD = gnu17;
				GCC_NO_COMMON_BLOCKS = YES;
				GCC_WARN_64_TO_32_BIT_CONVERSION = YES;
				GCC_WARN_ABOUT_RETURN_TYPE = YES_ERROR;
				GCC_WARN_UNDECLARED_SELECTOR = YES;
				GCC_WARN_UNINITIALIZED_AUTOS = YES_AGGRESSIVE;
				GCC_WARN_UNUSED_FUNCTION = YES;
				GCC_WARN_UNUSED_VARIABLE = YES;
				LOCALIZATION_PREFERS_STRING_CATALOGS = YES;
				MTL_ENABLE_DEBUG_INFO = NO;
				MTL_FAST_MATH = YES;
				SWIFT_COMPILATION_MODE = wholemodule;
			};
			name = Release;
		};
		A0C54244302FC082002D89A1 /* Debug */ = {
			isa = XCBuildConfiguration;
			buildSettings = {
				ASSETCATALOG_COMPILER_APPICON_NAME = AppIcon;
				ASSETCATALOG_COMPILER_GLOBAL_ACCENT_COLOR_NAME = AccentColor;
				CODE_SIGN_STYLE = Automatic;
				CURRENT_PROJECT_VERSION = 100;
				DEVELOPMENT_TEAM = 2HNRMGYGMU;
				ENABLE_APP_SANDBOX = YES;
				ENABLE_HARDENED_RUNTIME = YES;
				ENABLE_PREVIEWS = YES;
				ENABLE_USER_SELECTED_FILES = readonly;
				GENERATE_INFOPLIST_FILE = YES;
				"INFOPLIST_KEY_UIApplicationSceneManifest_Generation[sdk=iphoneos*]" = YES;
				"INFOPLIST_KEY_UIApplicationSceneManifest_Generation[sdk=iphonesimulator*]" = YES;
				"INFOPLIST_KEY_UIApplicationSupportsIndirectInputEvents[sdk=iphoneos*]" = YES;
				"INFOPLIST_KEY_UIApplicationSupportsIndirectInputEvents[sdk=iphonesimulator*]" = YES;
				"INFOPLIST_KEY_UILaunchScreen_Generation[sdk=iphoneos*]" = YES;
				"INFOPLIST_KEY_UILaunchScreen_Generation[sdk=iphonesimulator*]" = YES;
				"INFOPLIST_KEY_UIStatusBarStyle[sdk=iphoneos*]" = UIStatusBarStyleDefault;
				"INFOPLIST_KEY_UIStatusBarStyle[sdk=iphonesimulator*]" = UIStatusBarStyleDefault;
				INFOPLIST_KEY_UISupportedInterfaceOrientations_iPad = "UIInterfaceOrientationPortrait UIInterfaceOrientationPortraitUpsideDown UIInterfaceOrientationLandscapeLeft UIInterfaceOrientationLandscapeRight";
				INFOPLIST_KEY_UISupportedInterfaceOrientations_iPhone = "UIInterfaceOrientationPortrait UIInterfaceOrientationLandscapeLeft UIInterfaceOrientationLandscapeRight";
				IPHONEOS_DEPLOYMENT_TARGET = 16.0;
				LD_RUNPATH_SEARCH_PATHS = "@executable_path/Frameworks";
				MARKETING_VERSION = 2.0.1;
				PRODUCT_BUNDLE_IDENTIFIER = org.dwarftsch.medikamente;
				PRODUCT_NAME = "$(TARGET_NAME)";
				REGISTER_APP_GROUPS = YES;
				SDKROOT = auto;
				STRING_CATALOG_GENERATE_SYMBOLS = YES;
				SUPPORTED_PLATFORMS = "iphoneos iphonesimulator";
				SWIFT_APPROACHABLE_CONCURRENCY = YES;
				SWIFT_DEFAULT_ACTOR_ISOLATION = nonisolated;
				SWIFT_EMIT_LOC_STRINGS = YES;
				SWIFT_UPCOMING_FEATURE_MEMBER_IMPORT_VISIBILITY = YES;
				SWIFT_VERSION = 5.0;
				TARGETED_DEVICE_FAMILY = "1,2";
			};
			name = Debug;
		};
		A0C54245302FC082002D89A1 /* Release */ = {
			isa = XCBuildConfiguration;
			buildSettings = {
				ASSETCATALOG_COMPILER_APPICON_NAME = AppIcon;
				ASSETCATALOG_COMPILER_GLOBAL_ACCENT_COLOR_NAME = AccentColor;
				CODE_SIGN_STYLE = Automatic;
				CURRENT_PROJECT_VERSION = 100;
				DEVELOPMENT_TEAM = 2HNRMGYGMU;
				ENABLE_APP_SANDBOX = YES;
				ENABLE_HARDENED_RUNTIME = YES;
				ENABLE_PREVIEWS = YES;
				ENABLE_USER_SELECTED_FILES = readonly;
				GENERATE_INFOPLIST_FILE = YES;
				"INFOPLIST_KEY_UIApplicationSceneManifest_Generation[sdk=iphoneos*]" = YES;
				"INFOPLIST_KEY_UIApplicationSceneManifest_Generation[sdk=iphonesimulator*]" = YES;
				"INFOPLIST_KEY_UIApplicationSupportsIndirectInputEvents[sdk=iphoneos*]" = YES;
				"INFOPLIST_KEY_UIApplicationSupportsIndirectInputEvents[sdk=iphonesimulator*]" = YES;
				"INFOPLIST_KEY_UILaunchScreen_Generation[sdk=iphoneos*]" = YES;
				"INFOPLIST_KEY_UILaunchScreen_Generation[sdk=iphonesimulator*]" = YES;
				"INFOPLIST_KEY_UIStatusBarStyle[sdk=iphoneos*]" = UIStatusBarStyleDefault;
				"INFOPLIST_KEY_UIStatusBarStyle[sdk=iphonesimulator*]" = UIStatusBarStyleDefault;
				INFOPLIST_KEY_UISupportedInterfaceOrientations_iPad = "UIInterfaceOrientationPortrait UIInterfaceOrientationPortraitUpsideDown UIInterfaceOrientationLandscapeLeft UIInterfaceOrientationLandscapeRight";
				INFOPLIST_KEY_UISupportedInterfaceOrientations_iPhone = "UIInterfaceOrientationPortrait UIInterfaceOrientationLandscapeLeft UIInterfaceOrientationLandscapeRight";
				IPHONEOS_DEPLOYMENT_TARGET = 16.0;
				LD_RUNPATH_SEARCH_PATHS = "@executable_path/Frameworks";
				MARKETING_VERSION = 2.0.1;
				PRODUCT_BUNDLE_IDENTIFIER = org.dwarftsch.medikamente;
				PRODUCT_NAME = "$(TARGET_NAME)";
				REGISTER_APP_GROUPS = YES;
				SDKROOT = auto;
				STRING_CATALOG_GENERATE_SYMBOLS = YES;
				SUPPORTED_PLATFORMS = "iphoneos iphonesimulator";
				SWIFT_APPROACHABLE_CONCURRENCY = YES;
				SWIFT_DEFAULT_ACTOR_ISOLATION = nonisolated;
				SWIFT_EMIT_LOC_STRINGS = YES;
				SWIFT_UPCOMING_FEATURE_MEMBER_IMPORT_VISIBILITY = YES;
				SWIFT_VERSION = 5.0;
				TARGETED_DEVICE_FAMILY = "1,2";
			};
			name = Release;
		};
		A0C54247302FC082002D89A1 /* Debug */ = {
			isa = XCBuildConfiguration;
			buildSettings = {
				BUNDLE_LOADER = "$(TEST_HOST)";
				CODE_SIGN_STYLE = Automatic;
				CURRENT_PROJECT_VERSION = 100;
				DEVELOPMENT_TEAM = 2HNRMGYGMU;
				GENERATE_INFOPLIST_FILE = YES;
				IPHONEOS_DEPLOYMENT_TARGET = 16.0;
				MARKETING_VERSION = 2.0.1;
				PRODUCT_BUNDLE_IDENTIFIER = org.dwarftsch.medikamenteTests;
				PRODUCT_NAME = "$(TARGET_NAME)";
				SDKROOT = auto;
				STRING_CATALOG_GENERATE_SYMBOLS = NO;
				SUPPORTED_PLATFORMS = "iphoneos iphonesimulator";
				SWIFT_APPROACHABLE_CONCURRENCY = YES;
				SWIFT_EMIT_LOC_STRINGS = NO;
				SWIFT_UPCOMING_FEATURE_MEMBER_IMPORT_VISIBILITY = YES;
				SWIFT_VERSION = 5.0;
				TARGETED_DEVICE_FAMILY = "1,2";
				TEST_HOST = "$(BUILT_PRODUCTS_DIR)/medikamente.app/$(BUNDLE_EXECUTABLE_FOLDER_PATH)/medikamente";
			};
			name = Debug;
		};
		A0C54248302FC082002D89A1 /* Release */ = {
			isa = XCBuildConfiguration;
			buildSettings = {
				BUNDLE_LOADER = "$(TEST_HOST)";
				CODE_SIGN_STYLE = Automatic;
				CURRENT_PROJECT_VERSION = 100;
				DEVELOPMENT_TEAM = 2HNRMGYGMU;
				GENERATE_INFOPLIST_FILE = YES;
				IPHONEOS_DEPLOYMENT_TARGET = 16.0;
				MARKETING_VERSION = 2.0.1;
				PRODUCT_BUNDLE_IDENTIFIER = org.dwarftsch.medikamenteTests;
				PRODUCT_NAME = "$(TARGET_NAME)";
				SDKROOT = auto;
				STRING_CATALOG_GENERATE_SYMBOLS = NO;
				SUPPORTED_PLATFORMS = "iphoneos iphonesimulator";
				SWIFT_APPROACHABLE_CONCURRENCY = YES;
				SWIFT_EMIT_LOC_STRINGS = NO;
				SWIFT_UPCOMING_FEATURE_MEMBER_IMPORT_VISIBILITY = YES;
				SWIFT_VERSION = 5.0;
				TARGETED_DEVICE_FAMILY = "1,2";
				TEST_HOST = "$(BUILT_PRODUCTS_DIR)/medikamente.app/$(BUNDLE_EXECUTABLE_FOLDER_PATH)/medikamente";
			};
			name = Release;
		};
		A0C5424A302FC082002D89A1 /* Debug */ = {
			isa = XCBuildConfiguration;
			buildSettings = {
				CODE_SIGN_STYLE = Automatic;
				CURRENT_PROJECT_VERSION = 100;
				DEVELOPMENT_TEAM = 2HNRMGYGMU;
				GENERATE_INFOPLIST_FILE = YES;
				IPHONEOS_DEPLOYMENT_TARGET = 16.0;
				MARKETING_VERSION = 2.0.1;
				PRODUCT_BUNDLE_IDENTIFIER = org.dwarftsch.medikamenteUITests;
				PRODUCT_NAME = "$(TARGET_NAME)";
				SDKROOT = auto;
				STRING_CATALOG_GENERATE_SYMBOLS = NO;
				SUPPORTED_PLATFORMS = "iphoneos iphonesimulator";
				SWIFT_APPROACHABLE_CONCURRENCY = YES;
				SWIFT_EMIT_LOC_STRINGS = NO;
				SWIFT_UPCOMING_FEATURE_MEMBER_IMPORT_VISIBILITY = YES;
				SWIFT_VERSION = 5.0;
				TARGETED_DEVICE_FAMILY = "1,2";
				TEST_TARGET_NAME = medikamente;
			};
			name = Debug;
		};
		A0C5424B302FC082002D89A1 /* Release */ = {
			isa = XCBuildConfiguration;
			buildSettings = {
				CODE_SIGN_STYLE = Automatic;
				CURRENT_PROJECT_VERSION = 100;
				DEVELOPMENT_TEAM = 2HNRMGYGMU;
				GENERATE_INFOPLIST_FILE = YES;
				IPHONEOS_DEPLOYMENT_TARGET = 16.0;
				MARKETING_VERSION = 2.0.1;
				PRODUCT_BUNDLE_IDENTIFIER = org.dwarftsch.medikamenteUITests;
				PRODUCT_NAME = "$(TARGET_NAME)";
				SDKROOT = auto;
				STRING_CATALOG_GENERATE_SYMBOLS = NO;
				SUPPORTED_PLATFORMS = "iphoneos iphonesimulator";
				SWIFT_APPROACHABLE_CONCURRENCY = YES;
				SWIFT_EMIT_LOC_STRINGS = NO;
				SWIFT_UPCOMING_FEATURE_MEMBER_IMPORT_VISIBILITY = YES;
				SWIFT_VERSION = 5.0;
				TARGETED_DEVICE_FAMILY = "1,2";
				TEST_TARGET_NAME = medikamente;
			};
			name = Release;
		};
		B10000000000000000000008 /* Debug */ = {
			isa = XCBuildConfiguration;
			buildSettings = {
				ASSETCATALOG_COMPILER_APPICON_NAME = AppIcon;
				ASSETCATALOG_COMPILER_GLOBAL_ACCENT_COLOR_NAME = AccentColor;
				CODE_SIGN_STYLE = Automatic;
				CURRENT_PROJECT_VERSION = 100;
				DEVELOPMENT_TEAM = 2HNRMGYGMU;
				ENABLE_PREVIEWS = YES;
				GENERATE_INFOPLIST_FILE = NO;
				INFOPLIST_FILE = MedikamenteWatch/Info.plist;
				LD_RUNPATH_SEARCH_PATHS = "@executable_path/Frameworks";
				MARKETING_VERSION = 2.0.1;
				PRODUCT_BUNDLE_IDENTIFIER = org.dwarftsch.medikamente.watchkitapp;
				PRODUCT_NAME = MedikamenteWatch;
				SDKROOT = watchos;
				SKIP_INSTALL = YES;
				SUPPORTED_PLATFORMS = "watchos watchsimulator";
				SWIFT_VERSION = 5.0;
				TARGETED_DEVICE_FAMILY = 4;
				WATCHOS_DEPLOYMENT_TARGET = 9.0;
			};
			name = Debug;
		};
		B10000000000000000000009 /* Release */ = {
			isa = XCBuildConfiguration;
			buildSettings = {
				ASSETCATALOG_COMPILER_APPICON_NAME = AppIcon;
				ASSETCATALOG_COMPILER_GLOBAL_ACCENT_COLOR_NAME = AccentColor;
				CODE_SIGN_STYLE = Automatic;
				CURRENT_PROJECT_VERSION = 100;
				DEVELOPMENT_TEAM = 2HNRMGYGMU;
				ENABLE_PREVIEWS = YES;
				GENERATE_INFOPLIST_FILE = NO;
				INFOPLIST_FILE = MedikamenteWatch/Info.plist;
				LD_RUNPATH_SEARCH_PATHS = "@executable_path/Frameworks";
				MARKETING_VERSION = 2.0.1;
				PRODUCT_BUNDLE_IDENTIFIER = org.dwarftsch.medikamente.watchkitapp;
				PRODUCT_NAME = MedikamenteWatch;
				SDKROOT = watchos;
				SKIP_INSTALL = YES;
				SUPPORTED_PLATFORMS = "watchos watchsimulator";
				SWIFT_VERSION = 5.0;
				TARGETED_DEVICE_FAMILY = 4;
				VALIDATE_PRODUCT = YES;
				WATCHOS_DEPLOYMENT_TARGET = 9.0;
			};
			name = Release;
		};
/* End XCBuildConfiguration section */

/* Begin XCConfigurationList section */
		B1000000000000000000000A /* Build configuration list for PBXNativeTarget "MedikamenteWatch" */ = {
			isa = XCConfigurationList;
			buildConfigurations = (
				B10000000000000000000008 /* Debug */,
				B10000000000000000000009 /* Release */,
			);
			defaultConfigurationIsVisible = 0;
			defaultConfigurationName = Release;
		};
		A0C5421B302FC081002D89A1 /* Build configuration list for PBXProject "medikamente" */ = {
			isa = XCConfigurationList;
			buildConfigurations = (
				A0C54241302FC082002D89A1 /* Debug */,
				A0C54242302FC082002D89A1 /* Release */,
			);
			defaultConfigurationIsVisible = 0;
			defaultConfigurationName = Release;
		};
		A0C54243302FC082002D89A1 /* Build configuration list for PBXNativeTarget "medikamente" */ = {
			isa = XCConfigurationList;
			buildConfigurations = (
				A0C54244302FC082002D89A1 /* Debug */,
				A0C54245302FC082002D89A1 /* Release */,
			);
			defaultConfigurationIsVisible = 0;
			defaultConfigurationName = Release;
		};
		A0C54246302FC082002D89A1 /* Build configuration list for PBXNativeTarget "medikamenteTests" */ = {
			isa = XCConfigurationList;
			buildConfigurations = (
				A0C54247302FC082002D89A1 /* Debug */,
				A0C54248302FC082002D89A1 /* Release */,
			);
			defaultConfigurationIsVisible = 0;
			defaultConfigurationName = Release;
		};
		A0C54249302FC082002D89A1 /* Build configuration list for PBXNativeTarget "medikamenteUITests" */ = {
			isa = XCConfigurationList;
			buildConfigurations = (
				A0C5424A302FC082002D89A1 /* Debug */,
				A0C5424B302FC082002D89A1 /* Release */,
			);
			defaultConfigurationIsVisible = 0;
			defaultConfigurationName = Release;
		};
/* End XCConfigurationList section */
	};
	rootObject = A0C54218302FC081002D89A1 /* Project object */;
}
